// !$*UTF8*$!
{
	archiveVersion = 1;
	classes = {
	};
	objectVersion = 46;
	objects = {

/* Begin PBXBuildFile section */
		4E2A0AF21E5F4DA00089718C /* StateDetailViewController.swift in Sources */ = {isa = PBXBuildFile; fileRef = 4E2A0AF11E5F4DA00089718C /* StateDetailViewController.swift */; };
		4E2A0AF81E5F65540089718C /* WebViewController.swift in Sources */ = {isa = PBXBuildFile; fileRef = 4E2A0AF71E5F65540089718C /* WebViewController.swift */; };
		56576D561E43E9B600247BBB /* AppDelegate.swift in Sources */ = {isa = PBXBuildFile; fileRef = 56576D551E43E9B600247BBB /* AppDelegate.swift */; };
		56576D5B1E43E9B600247BBB /* Main.storyboard in Resources */ = {isa = PBXBuildFile; fileRef = 56576D591E43E9B600247BBB /* Main.storyboard */; };
		56576D5D1E43E9B600247BBB /* Assets.xcassets in Resources */ = {isa = PBXBuildFile; fileRef = 56576D5C1E43E9B600247BBB /* Assets.xcassets */; };
		56576D601E43E9B600247BBB /* LaunchScreen.storyboard in Resources */ = {isa = PBXBuildFile; fileRef = 56576D5E1E43E9B600247BBB /* LaunchScreen.storyboard */; };
		56576D681E43EA7700247BBB /* StatesTableViewController.swift in Sources */ = {isa = PBXBuildFile; fileRef = 56576D671E43EA7700247BBB /* StatesTableViewController.swift */; };
		56576D9F1E43EEBC00247BBB /* alabama.png in Resources */ = {isa = PBXBuildFile; fileRef = 56576D6C1E43EEBC00247BBB /* alabama.png */; };
		56576DA01E43EEBC00247BBB /* alaska.png in Resources */ = {isa = PBXBuildFile; fileRef = 56576D6D1E43EEBC00247BBB /* alaska.png */; };
		56576DA11E43EEBC00247BBB /* arizona.png in Resources */ = {isa = PBXBuildFile; fileRef = 56576D6E1E43EEBC00247BBB /* arizona.png */; };
		56576DA21E43EEBC00247BBB /* arkansas.png in Resources */ = {isa = PBXBuildFile; fileRef = 56576D6F1E43EEBC00247BBB /* arkansas.png */; };
		56576DA31E43EEBC00247BBB /* california.png in Resources */ = {isa = PBXBuildFile; fileRef = 56576D701E43EEBC00247BBB /* california.png */; };
		56576DA41E43EEBC00247BBB /* colorado.png in Resources */ = {isa = PBXBuildFile; fileRef = 56576D711E43EEBC00247BBB /* colorado.png */; };
		56576DA51E43EEBC00247BBB /* connecticut.png in Resources */ = {isa = PBXBuildFile; fileRef = 56576D721E43EEBC00247BBB /* connecticut.png */; };
		56576DA61E43EEBC00247BBB /* delaware.png in Resources */ = {isa = PBXBuildFile; fileRef = 56576D731E43EEBC00247BBB /* delaware.png */; };
		56576DA71E43EEBC00247BBB /* florida.png in Resources */ = {isa = PBXBuildFile; fileRef = 56576D741E43EEBC00247BBB /* florida.png */; };
		56576DA81E43EEBC00247BBB /* georgia.png in Resources */ = {isa = PBXBuildFile; fileRef = 56576D751E43EEBC00247BBB /* georgia.png */; };
		56576DA91E43EEBC00247BBB /* hawaii.png in Resources */ = {isa = PBXBuildFile; fileRef = 56576D761E43EEBC00247BBB /* hawaii.png */; };
		56576DAA1E43EEBC00247BBB /* idaho.png in Resources */ = {isa = PBXBuildFile; fileRef = 56576D771E43EEBC00247BBB /* idaho.png */; };
		56576DAB1E43EEBC00247BBB /* illinois.png in Resources */ = {isa = PBXBuildFile; fileRef = 56576D781E43EEBC00247BBB /* illinois.png */; };
		56576DAC1E43EEBC00247BBB /* indiana.png in Resources */ = {isa = PBXBuildFile; fileRef = 56576D791E43EEBC00247BBB /* indiana.png */; };
		56576DAD1E43EEBC00247BBB /* iowa.png in Resources */ = {isa = PBXBuildFile; fileRef = 56576D7A1E43EEBC00247BBB /* iowa.png */; };
		56576DAE1E43EEBC00247BBB /* kansas.png in Resources */ = {isa = PBXBuildFile; fileRef = 56576D7B1E43EEBC00247BBB /* kansas.png */; };
		56576DAF1E43EEBC00247BBB /* kentucky.png in Resources */ = {isa = PBXBuildFile; fileRef = 56576D7C1E43EEBC00247BBB /* kentucky.png */; };
		56576DB01E43EEBC00247BBB /* louisiana.png in Resources */ = {isa = PBXBuildFile; fileRef = 56576D7D1E43EEBC00247BBB /* louisiana.png */; };
		56576DB11E43EEBC00247BBB /* maine.png in Resources */ = {isa = PBXBuildFile; fileRef = 56576D7E1E43EEBC00247BBB /* maine.png */; };
		56576DB21E43EEBC00247BBB /* maryland.png in Resources */ = {isa = PBXBuildFile; fileRef = 56576D7F1E43EEBC00247BBB /* maryland.png */; };
		56576DB31E43EEBC00247BBB /* massachusetts.png in Resources */ = {isa = PBXBuildFile; fileRef = 56576D801E43EEBC00247BBB /* massachusetts.png */; };
		56576DB41E43EEBC00247BBB /* michigan.png in Resources */ = {isa = PBXBuildFile; fileRef = 56576D811E43EEBC00247BBB /* michigan.png */; };
		56576DB51E43EEBC00247BBB /* minnesota.png in Resources */ = {isa = PBXBuildFile; fileRef = 56576D821E43EEBC00247BBB /* minnesota.png */; };
		56576DB61E43EEBC00247BBB /* mississippi.png in Resources */ = {isa = PBXBuildFile; fileRef = 56576D831E43EEBC00247BBB /* mississippi.png */; };
		56576DB71E43EEBC00247BBB /* missouri.png in Resources */ = {isa = PBXBuildFile; fileRef = 56576D841E43EEBC00247BBB /* missouri.png */; };
		56576DB81E43EEBC00247BBB /* montana.png in Resources */ = {isa = PBXBuildFile; fileRef = 56576D851E43EEBC00247BBB /* montana.png */; };
		56576DB91E43EEBC00247BBB /* nebraska.png in Resources */ = {isa = PBXBuildFile; fileRef = 56576D861E43EEBC00247BBB /* nebraska.png */; };
		56576DBA1E43EEBC00247BBB /* nevada.png in Resources */ = {isa = PBXBuildFile; fileRef = 56576D871E43EEBC00247BBB /* nevada.png */; };
		56576DBB1E43EEBC00247BBB /* new hampshire.png in Resources */ = {isa = PBXBuildFile; fileRef = 56576D881E43EEBC00247BBB /* new hampshire.png */; };
		56576DBC1E43EEBC00247BBB /* new jersey.png in Resources */ = {isa = PBXBuildFile; fileRef = 56576D891E43EEBC00247BBB /* new jersey.png */; };
		56576DBD1E43EEBC00247BBB /* new mexico.png in Resources */ = {isa = PBXBuildFile; fileRef = 56576D8A1E43EEBC00247BBB /* new mexico.png */; };
		56576DBE1E43EEBC00247BBB /* new york.png in Resources */ = {isa = PBXBuildFile; fileRef = 56576D8B1E43EEBC00247BBB /* new york.png */; };
		56576DBF1E43EEBC00247BBB /* north carolina.png in Resources */ = {isa = PBXBuildFile; fileRef = 56576D8C1E43EEBC00247BBB /* north carolina.png */; };
		56576DC01E43EEBC00247BBB /* north dakota.png in Resources */ = {isa = PBXBuildFile; fileRef = 56576D8D1E43EEBC00247BBB /* north dakota.png */; };
		56576DC11E43EEBC00247BBB /* ohio.png in Resources */ = {isa = PBXBuildFile; fileRef = 56576D8E1E43EEBC00247BBB /* ohio.png */; };
		56576DC21E43EEBC00247BBB /* oklahoma.png in Resources */ = {isa = PBXBuildFile; fileRef = 56576D8F1E43EEBC00247BBB /* oklahoma.png */; };
		56576DC31E43EEBC00247BBB /* oregon.png in Resources */ = {isa = PBXBuildFile; fileRef = 56576D901E43EEBC00247BBB /* oregon.png */; };
		56576DC41E43EEBC00247BBB /* pennsylvania.png in Resources */ = {isa = PBXBuildFile; fileRef = 56576D911E43EEBC00247BBB /* pennsylvania.png */; };
		56576DC51E43EEBC00247BBB /* rhode island.png in Resources */ = {isa = PBXBuildFile; fileRef = 56576D921E43EEBC00247BBB /* rhode island.png */; };
		56576DC61E43EEBC00247BBB /* south carolina.png in Resources */ = {isa = PBXBuildFile; fileRef = 56576D931E43EEBC00247BBB /* south carolina.png */; };
		56576DC71E43EEBC00247BBB /* south dakota.png in Resources */ = {isa = PBXBuildFile; fileRef = 56576D941E43EEBC00247BBB /* south dakota.png */; };
		56576DC91E43EEBC00247BBB /* tennessee.png in Resources */ = {isa = PBXBuildFile; fileRef = 56576D961E43EEBC00247BBB /* tennessee.png */; };
		56576DCA1E43EEBC00247BBB /* texas.png in Resources */ = {isa = PBXBuildFile; fileRef = 56576D971E43EEBC00247BBB /* texas.png */; };
		56576DCB1E43EEBC00247BBB /* utah.png in Resources */ = {isa = PBXBuildFile; fileRef = 56576D981E43EEBC00247BBB /* utah.png */; };
		56576DCC1E43EEBC00247BBB /* vermont.png in Resources */ = {isa = PBXBuildFile; fileRef = 56576D991E43EEBC00247BBB /* vermont.png */; };
		56576DCD1E43EEBC00247BBB /* virginia.png in Resources */ = {isa = PBXBuildFile; fileRef = 56576D9A1E43EEBC00247BBB /* virginia.png */; };
		56576DCE1E43EEBC00247BBB /* washington.png in Resources */ = {isa = PBXBuildFile; fileRef = 56576D9B1E43EEBC00247BBB /* washington.png */; };
		56576DCF1E43EEBC00247BBB /* west virginia.png in Resources */ = {isa = PBXBuildFile; fileRef = 56576D9C1E43EEBC00247BBB /* west virginia.png */; };
		56576DD01E43EEBD00247BBB /* wisconsin.png in Resources */ = {isa = PBXBuildFile; fileRef = 56576D9D1E43EEBC00247BBB /* wisconsin.png */; };
		56576DD11E43EEBD00247BBB /* wyoming.png in Resources */ = {isa = PBXBuildFile; fileRef = 56576D9E1E43EEBC00247BBB /* wyoming.png */; };
		56DD48831E4D6E3900357FBF /* states.json in Resources */ = {isa = PBXBuildFile; fileRef = 56DD48821E4D6E3900357FBF /* states.json */; };
		56DD48851E4D6F7500357FBF /* State.swift in Sources */ = {isa = PBXBuildFile; fileRef = 56DD48841E4D6F7500357FBF /* State.swift */; };
/* End PBXBuildFile section */

/* Begin PBXFileReference section */
		4E2A0AF11E5F4DA00089718C /* StateDetailViewController.swift */ = {isa = PBXFileReference; fileEncoding = 4; lastKnownFileType = sourcecode.swift; path = StateDetailViewController.swift; sourceTree = "<group>"; };
		4E2A0AF71E5F65540089718C /* WebViewController.swift */ = {isa = PBXFileReference; fileEncoding = 4; lastKnownFileType = sourcecode.swift; path = WebViewController.swift; sourceTree = "<group>"; };
		56576D521E43E9B600247BBB /* TableViewDemo.app */ = {isa = PBXFileReference; explicitFileType = wrapper.application; includeInIndex = 0; path = TableViewDemo.app; sourceTree = BUILT_PRODUCTS_DIR; };
		56576D551E43E9B600247BBB /* AppDelegate.swift */ = {isa = PBXFileReference; lastKnownFileType = sourcecode.swift; path = AppDelegate.swift; sourceTree = "<group>"; };
		56576D5A1E43E9B600247BBB /* Base */ = {isa = PBXFileReference; lastKnownFileType = file.storyboard; name = Base; path = Base.lproj/Main.storyboard; sourceTree = "<group>"; };
		56576D5C1E43E9B600247BBB /* Assets.xcassets */ = {isa = PBXFileReference; lastKnownFileType = folder.assetcatalog; path = Assets.xcassets; sourceTree = "<group>"; };
		56576D5F1E43E9B600247BBB /* Base */ = {isa = PBXFileReference; lastKnownFileType = file.storyboard; name = Base; path = Base.lproj/LaunchScreen.storyboard; sourceTree = "<group>"; };
		56576D611E43E9B600247BBB /* Info.plist */ = {isa = PBXFileReference; lastKnownFileType = text.plist.xml; path = Info.plist; sourceTree = "<group>"; };
		56576D671E43EA7700247BBB /* StatesTableViewController.swift */ = {isa = PBXFileReference; fileEncoding = 4; lastKnownFileType = sourcecode.swift; path = StatesTableViewController.swift; sourceTree = "<group>"; };
		56576D6C1E43EEBC00247BBB /* alabama.png */ = {isa = PBXFileReference; lastKnownFileType = image.png; path = alabama.png; sourceTree = "<group>"; };
		56576D6D1E43EEBC00247BBB /* alaska.png */ = {isa = PBXFileReference; lastKnownFileType = image.png; path = alaska.png; sourceTree = "<group>"; };
		56576D6E1E43EEBC00247BBB /* arizona.png */ = {isa = PBXFileReference; lastKnownFileType = image.png; path = arizona.png; sourceTree = "<group>"; };
		56576D6F1E43EEBC00247BBB /* arkansas.png */ = {isa = PBXFileReference; lastKnownFileType = image.png; path = arkansas.png; sourceTree = "<group>"; };
		56576D701E43EEBC00247BBB /* california.png */ = {isa = PBXFileReference; lastKnownFileType = image.png; path = california.png; sourceTree = "<group>"; };
		56576D711E43EEBC00247BBB /* colorado.png */ = {isa = PBXFileReference; lastKnownFileType = image.png; path = colorado.png; sourceTree = "<group>"; };
		56576D721E43EEBC00247BBB /* connecticut.png */ = {isa = PBXFileReference; lastKnownFileType = image.png; path = connecticut.png; sourceTree = "<group>"; };
		56576D731E43EEBC00247BBB /* delaware.png */ = {isa = PBXFileReference; lastKnownFileType = image.png; path = delaware.png; sourceTree = "<group>"; };
		56576D741E43EEBC00247BBB /* florida.png */ = {isa = PBXFileReference; lastKnownFileType = image.png; path = florida.png; sourceTree = "<group>"; };
		56576D751E43EEBC00247BBB /* georgia.png */ = {isa = PBXFileReference; lastKnownFileType = image.png; path = georgia.png; sourceTree = "<group>"; };
		56576D761E43EEBC00247BBB /* hawaii.png */ = {isa = PBXFileReference; lastKnownFileType = image.png; path = hawaii.png; sourceTree = "<group>"; };
		56576D771E43EEBC00247BBB /* idaho.png */ = {isa = PBXFileReference; lastKnownFileType = image.png; path = idaho.png; sourceTree = "<group>"; };
		56576D781E43EEBC00247BBB /* illinois.png */ = {isa = PBXFileReference; lastKnownFileType = image.png; path = illinois.png; sourceTree = "<group>"; };
		56576D791E43EEBC00247BBB /* indiana.png */ = {isa = PBXFileReference; lastKnownFileType = image.png; path = indiana.png; sourceTree = "<group>"; };
		56576D7A1E43EEBC00247BBB /* iowa.png */ = {isa = PBXFileReference; lastKnownFileType = image.png; path = iowa.png; sourceTree = "<group>"; };
		56576D7B1E43EEBC00247BBB /* kansas.png */ = {isa = PBXFileReference; lastKnownFileType = image.png; path = kansas.png; sourceTree = "<group>"; };
		56576D7C1E43EEBC00247BBB /* kentucky.png */ = {isa = PBXFileReference; lastKnownFileType = image.png; path = kentucky.png; sourceTree = "<group>"; };
		56576D7D1E43EEBC00247BBB /* louisiana.png */ = {isa = PBXFileReference; lastKnownFileType = image.png; path = louisiana.png; sourceTree = "<group>"; };
		56576D7E1E43EEBC00247BBB /* maine.png */ = {isa = PBXFileReference; lastKnownFileType = image.png; path = maine.png; sourceTree = "<group>"; };
		56576D7F1E43EEBC00247BBB /* maryland.png */ = {isa = PBXFileReference; lastKnownFileType = image.png; path = maryland.png; sourceTree = "<group>"; };
		56576D801E43EEBC00247BBB /* massachusetts.png */ = {isa = PBXFileReference; lastKnownFileType = image.png; path = massachusetts.png; sourceTree = "<group>"; };
		56576D811E43EEBC00247BBB /* michigan.png */ = {isa = PBXFileReference; lastKnownFileType = image.png; path = michigan.png; sourceTree = "<group>"; };
		56576D821E43EEBC00247BBB /* minnesota.png */ = {isa = PBXFileReference; lastKnownFileType = image.png; path = minnesota.png; sourceTree = "<group>"; };
		56576D831E43EEBC00247BBB /* mississippi.png */ = {isa = PBXFileReference; lastKnownFileType = image.png; path = mississippi.png; sourceTree = "<group>"; };
		56576D841E43EEBC00247BBB /* missouri.png */ = {isa = PBXFileReference; lastKnownFileType = image.png; path = missouri.png; sourceTree = "<group>"; };
		56576D851E43EEBC00247BBB /* montana.png */ = {isa = PBXFileReference; lastKnownFileType = image.png; path = montana.png; sourceTree = "<group>"; };
		56576D861E43EEBC00247BBB /* nebraska.png */ = {isa = PBXFileReference; lastKnownFileType = image.png; path = nebraska.png; sourceTree = "<group>"; };
		56576D871E43EEBC00247BBB /* nevada.png */ = {isa = PBXFileReference; lastKnownFileType = image.png; path = nevada.png; sourceTree = "<group>"; };
		56576D881E43EEBC00247BBB /* new hampshire.png */ = {isa = PBXFileReference; lastKnownFileType = image.png; path = "new hampshire.png"; sourceTree = "<group>"; };
		56576D891E43EEBC00247BBB /* new jersey.png */ = {isa = PBXFileReference; lastKnownFileType = image.png; path = "new jersey.png"; sourceTree = "<group>"; };
		56576D8A1E43EEBC00247BBB /* new mexico.png */ = {isa = PBXFileReference; lastKnownFileType = image.png; path = "new mexico.png"; sourceTree = "<group>"; };
		56576D8B1E43EEBC00247BBB /* new york.png */ = {isa = PBXFileReference; lastKnownFileType = image.png; path = "new york.png"; sourceTree = "<group>"; };
		56576D8C1E43EEBC00247BBB /* north carolina.png */ = {isa = PBXFileReference; lastKnownFileType = image.png; path = "north carolina.png"; sourceTree = "<group>"; };
		56576D8D1E43EEBC00247BBB /* north dakota.png */ = {isa = PBXFileReference; lastKnownFileType = image.png; path = "north dakota.png"; sourceTree = "<group>"; };
		56576D8E1E43EEBC00247BBB /* ohio.png */ = {isa = PBXFileReference; lastKnownFileType = image.png; path = ohio.png; sourceTree = "<group>"; };
		56576D8F1E43EEBC00247BBB /* oklahoma.png */ = {isa = PBXFileReference; lastKnownFileType = image.png; path = oklahoma.png; sourceTree = "<group>"; };
		56576D901E43EEBC00247BBB /* oregon.png */ = {isa = PBXFileReference; lastKnownFileType = image.png; path = oregon.png; sourceTree = "<group>"; };
		56576D911E43EEBC00247BBB /* pennsylvania.png */ = {isa = PBXFileReference; lastKnownFileType = image.png; path = pennsylvania.png; sourceTree = "<group>"; };
		56576D921E43EEBC00247BBB /* rhode island.png */ = {isa = PBXFileReference; lastKnownFileType = image.png; path = "rhode island.png"; sourceTree = "<group>"; };
		56576D931E43EEBC00247BBB /* south carolina.png */ = {isa = PBXFileReference; lastKnownFileType = image.png; path = "south carolina.png"; sourceTree = "<group>"; };
		56576D941E43EEBC00247BBB /* south dakota.png */ = {isa = PBXFileReference; lastKnownFileType = image.png; path = "south dakota.png"; sourceTree = "<group>"; };
		56576D961E43EEBC00247BBB /* tennessee.png */ = {isa = PBXFileReference; lastKnownFileType = image.png; path = tennessee.png; sourceTree = "<group>"; };
		56576D971E43EEBC00247BBB /* texas.png */ = {isa = PBXFileReference; lastKnownFileType = image.png; path = texas.png; sourceTree = "<group>"; };
		56576D981E43EEBC00247BBB /* utah.png */ = {isa = PBXFileReference; lastKnownFileType = image.png; path = utah.png; sourceTree = "<group>"; };
		56576D991E43EEBC00247BBB /* vermont.png */ = {isa = PBXFileReference; lastKnownFileType = image.png; path = vermont.png; sourceTree = "<group>"; };
		56576D9A1E43EEBC00247BBB /* virginia.png */ = {isa = PBXFileReference; lastKnownFileType = image.png; path = virginia.png; sourceTree = "<group>"; };
		56576D9B1E43EEBC00247BBB /* washington.png */ = {isa = PBXFileReference; lastKnownFileType = image.png; path = washington.png; sourceTree = "<group>"; };
		56576D9C1E43EEBC00247BBB /* west virginia.png */ = {isa = PBXFileReference; lastKnownFileType = image.png; path = "west virginia.png"; sourceTree = "<group>"; };
		56576D9D1E43EEBC00247BBB /* wisconsin.png */ = {isa = PBXFileReference; lastKnownFileType = image.png; path = wisconsin.png; sourceTree = "<group>"; };
		56576D9E1E43EEBC00247BBB /* wyoming.png */ = {isa = PBXFileReference; lastKnownFileType = image.png; path = wyoming.png; sourceTree = "<group>"; };
		56DD48821E4D6E3900357FBF /* states.json */ = {isa = PBXFileReference; fileEncoding = 4; lastKnownFileType = text.json; path = states.json; sourceTree = "<group>"; };
		56DD48841E4D6F7500357FBF /* State.swift */ = {isa = PBXFileReference; fileEncoding = 4; lastKnownFileType = sourcecode.swift; path = State.swift; sourceTree = "<group>"; };
/* End PBXFileReference section */

/* Begin PBXFrameworksBuildPhase section */
		56576D4F1E43E9B600247BBB /* Frameworks */ = {
			isa = PBXFrameworksBuildPhase;
			buildActionMask = 2147483647;
			files = (
			);
			runOnlyForDeploymentPostprocessing = 0;
		};
/* End PBXFrameworksBuildPhase section */

/* Begin PBXGroup section */
		56576D491E43E9B600247BBB = {
			isa = PBXGroup;
			children = (
				56576D541E43E9B600247BBB /* TableViewDemo */,
				56576D531E43E9B600247BBB /* Products */,
			);
			sourceTree = "<group>";
		};
		56576D531E43E9B600247BBB /* Products */ = {
			isa = PBXGroup;
			children = (
				56576D521E43E9B600247BBB /* TableViewDemo.app */,
			);
			name = Products;
			sourceTree = "<group>";
		};
		56576D541E43E9B600247BBB /* TableViewDemo */ = {
			isa = PBXGroup;
			children = (
				56576D6B1E43EE2300247BBB /* flags */,
				56576D6A1E43EE0400247BBB /* UI */,
				56576D691E43EDFA00247BBB /* Controllers */,
				56576D551E43E9B600247BBB /* AppDelegate.swift */,
				56576D5C1E43E9B600247BBB /* Assets.xcassets */,
				56576D611E43E9B600247BBB /* Info.plist */,
				56DD48841E4D6F7500357FBF /* State.swift */,
			);
			path = TableViewDemo;
			sourceTree = "<group>";
		};
		56576D691E43EDFA00247BBB /* Controllers */ = {
			isa = PBXGroup;
			children = (
				56576D671E43EA7700247BBB /* StatesTableViewController.swift */,
				4E2A0AF11E5F4DA00089718C /* StateDetailViewController.swift */,
				4E2A0AF71E5F65540089718C /* WebViewController.swift */,
			);
			name = Controllers;
			sourceTree = "<group>";
		};
		56576D6A1E43EE0400247BBB /* UI */ = {
			isa = PBXGroup;
			children = (
				56576D591E43E9B600247BBB /* Main.storyboard */,
				56576D5E1E43E9B600247BBB /* LaunchScreen.storyboard */,
			);
			name = UI;
			sourceTree = "<group>";
		};
		56576D6B1E43EE2300247BBB /* flags */ = {
			isa = PBXGroup;
			children = (
				56576D6C1E43EEBC00247BBB /* alabama.png */,
				56576D6D1E43EEBC00247BBB /* alaska.png */,
				56576D6E1E43EEBC00247BBB /* arizona.png */,
				56576D6F1E43EEBC00247BBB /* arkansas.png */,
				56576D701E43EEBC00247BBB /* california.png */,
				56576D711E43EEBC00247BBB /* colorado.png */,
				56576D721E43EEBC00247BBB /* connecticut.png */,
				56576D731E43EEBC00247BBB /* delaware.png */,
				56576D741E43EEBC00247BBB /* florida.png */,
				56576D751E43EEBC00247BBB /* georgia.png */,
				56576D761E43EEBC00247BBB /* hawaii.png */,
				56576D771E43EEBC00247BBB /* idaho.png */,
				56576D781E43EEBC00247BBB /* illinois.png */,
				56576D791E43EEBC00247BBB /* indiana.png */,
				56576D7A1E43EEBC00247BBB /* iowa.png */,
				56576D7B1E43EEBC00247BBB /* kansas.png */,
				56576D7C1E43EEBC00247BBB /* kentucky.png */,
				56576D7D1E43EEBC00247BBB /* louisiana.png */,
				56576D7E1E43EEBC00247BBB /* maine.png */,
				56576D7F1E43EEBC00247BBB /* maryland.png */,
				56576D801E43EEBC00247BBB /* massachusetts.png */,
				56576D811E43EEBC00247BBB /* michigan.png */,
				56576D821E43EEBC00247BBB /* minnesota.png */,
				56576D831E43EEBC00247BBB /* mississippi.png */,
				56576D841E43EEBC00247BBB /* missouri.png */,
				56576D851E43EEBC00247BBB /* montana.png */,
				56576D861E43EEBC00247BBB /* nebraska.png */,
				56576D871E43EEBC00247BBB /* nevada.png */,
				56576D881E43EEBC00247BBB /* new hampshire.png */,
				56576D891E43EEBC00247BBB /* new jersey.png */,
				56576D8A1E43EEBC00247BBB /* new mexico.png */,
				56576D8B1E43EEBC00247BBB /* new york.png */,
				56576D8C1E43EEBC00247BBB /* north carolina.png */,
				56DD48821E4D6E3900357FBF /* states.json */,
				56576D8D1E43EEBC00247BBB /* north dakota.png */,
				56576D8E1E43EEBC00247BBB /* ohio.png */,
				56576D8F1E43EEBC00247BBB /* oklahoma.png */,
				56576D901E43EEBC00247BBB /* oregon.png */,
				56576D911E43EEBC00247BBB /* pennsylvania.png */,
				56576D921E43EEBC00247BBB /* rhode island.png */,
				56576D931E43EEBC00247BBB /* south carolina.png */,
				56576D941E43EEBC00247BBB /* south dakota.png */,
				56576D961E43EEBC00247BBB /* tennessee.png */,
				56576D971E43EEBC00247BBB /* texas.png */,
				56576D981E43EEBC00247BBB /* utah.png */,
				56576D991E43EEBC00247BBB /* vermont.png */,
				56576D9A1E43EEBC00247BBB /* virginia.png */,
				56576D9B1E43EEBC00247BBB /* washington.png */,
				56576D9C1E43EEBC00247BBB /* west virginia.png */,
				56576D9D1E43EEBC00247BBB /* wisconsin.png */,
				56576D9E1E43EEBC00247BBB /* wyoming.png */,
			);
			name = flags;
			sourceTree = "<group>";
		};
/* End PBXGroup section */

/* Begin PBXNativeTarget section */
		56576D511E43E9B600247BBB /* TableViewDemo */ = {
			isa = PBXNativeTarget;
			buildConfigurationList = 56576D641E43E9B600247BBB /* Build configuration list for PBXNativeTarget "TableViewDemo" */;
			buildPhases = (
				56576D4E1E43E9B600247BBB /* Sources */,
				56576D4F1E43E9B600247BBB /* Frameworks */,
				56576D501E43E9B600247BBB /* Resources */,
			);
			buildRules = (
			);
			dependencies = (
			);
			name = TableViewDemo;
			productName = TableViewDemo;
			productReference = 56576D521E43E9B600247BBB /* TableViewDemo.app */;
			productType = "com.apple.product-type.application";
		};
/* End PBXNativeTarget section */

/* Begin PBXProject section */
		56576D4A1E43E9B600247BBB /* Project object */ = {
			isa = PBXProject;
			attributes = {
				LastSwiftUpdateCheck = 0820;
				LastUpgradeCheck = 0820;
				ORGANIZATIONNAME = "Frank Mitropoulos";
				TargetAttributes = {
					56576D511E43E9B600247BBB = {
						CreatedOnToolsVersion = 8.2.1;
						ProvisioningStyle = Automatic;
					};
				};
			};
			buildConfigurationList = 56576D4D1E43E9B600247BBB /* Build configuration list for PBXProject "TableViewDemo" */;
			compatibilityVersion = "Xcode 3.2";
			developmentRegion = English;
			hasScannedForEncodings = 0;
			knownRegions = (
				en,
				Base,
			);
			mainGroup = 56576D491E43E9B600247BBB;
			productRefGroup = 56576D531E43E9B600247BBB /* Products */;
			projectDirPath = "";
			projectRoot = "";
			targets = (
				56576D511E43E9B600247BBB /* TableViewDemo */,
			);
		};
/* End PBXProject section */

/* Begin PBXResourcesBuildPhase section */
		56576D501E43E9B600247BBB /* Resources */ = {
			isa = PBXResourcesBuildPhase;
			buildActionMask = 2147483647;
			files = (
				56576DA01E43EEBC00247BBB /* alaska.png in Resources */,
				56576DBA1E43EEBC00247BBB /* nevada.png in Resources */,
				56576DA51E43EEBC00247BBB /* connecticut.png in Resources */,
				56576DBC1E43EEBC00247BBB /* new jersey.png in Resources */,
				56576DAB1E43EEBC00247BBB /* illinois.png in Resources */,
				56576DC01E43EEBC00247BBB /* north dakota.png in Resources */,
				56576DA31E43EEBC00247BBB /* california.png in Resources */,
				56576DB91E43EEBC00247BBB /* nebraska.png in Resources */,
				56576DB41E43EEBC00247BBB /* michigan.png in Resources */,
				56576DB31E43EEBC00247BBB /* massachusetts.png in Resources */,
				56576DD11E43EEBD00247BBB /* wyoming.png in Resources */,
				56576DBF1E43EEBC00247BBB /* north carolina.png in Resources */,
				56576DC61E43EEBC00247BBB /* south carolina.png in Resources */,
				56576DB11E43EEBC00247BBB /* maine.png in Resources */,
				56576DC11E43EEBC00247BBB /* ohio.png in Resources */,
				56576DAE1E43EEBC00247BBB /* kansas.png in Resources */,
				56576DCA1E43EEBC00247BBB /* texas.png in Resources */,
				56DD48831E4D6E3900357FBF /* states.json in Resources */,
				56576DCD1E43EEBC00247BBB /* virginia.png in Resources */,
				56576DAF1E43EEBC00247BBB /* kentucky.png in Resources */,
				56576DA81E43EEBC00247BBB /* georgia.png in Resources */,
				56576DB71E43EEBC00247BBB /* missouri.png in Resources */,
				56576DB01E43EEBC00247BBB /* louisiana.png in Resources */,
				56576DA71E43EEBC00247BBB /* florida.png in Resources */,
				56576DBB1E43EEBC00247BBB /* new hampshire.png in Resources */,
				56576DA21E43EEBC00247BBB /* arkansas.png in Resources */,
				56576D601E43E9B600247BBB /* LaunchScreen.storyboard in Resources */,
				56576D9F1E43EEBC00247BBB /* alabama.png in Resources */,
				56576DC31E43EEBC00247BBB /* oregon.png in Resources */,
				56576DA91E43EEBC00247BBB /* hawaii.png in Resources */,
				56576DC41E43EEBC00247BBB /* pennsylvania.png in Resources */,
				56576DCB1E43EEBC00247BBB /* utah.png in Resources */,
				56576DAC1E43EEBC00247BBB /* indiana.png in Resources */,
				56576DAD1E43EEBC00247BBB /* iowa.png in Resources */,
				56576DCE1E43EEBC00247BBB /* washington.png in Resources */,
				56576DC21E43EEBC00247BBB /* oklahoma.png in Resources */,
				56576D5D1E43E9B600247BBB /* Assets.xcassets in Resources */,
				56576DC51E43EEBC00247BBB /* rhode island.png in Resources */,
				56576DCC1E43EEBC00247BBB /* vermont.png in Resources */,
				56576DBE1E43EEBC00247BBB /* new york.png in Resources */,
				56576DA61E43EEBC00247BBB /* delaware.png in Resources */,
				56576DA11E43EEBC00247BBB /* arizona.png in Resources */,
				56576DB21E43EEBC00247BBB /* maryland.png in Resources */,
				56576DB81E43EEBC00247BBB /* montana.png in Resources */,
				56576DC91E43EEBC00247BBB /* tennessee.png in Resources */,
				56576DBD1E43EEBC00247BBB /* new mexico.png in Resources */,
				56576DD01E43EEBD00247BBB /* wisconsin.png in Resources */,
				56576DC71E43EEBC00247BBB /* south dakota.png in Resources */,
				56576DB61E43EEBC00247BBB /* mississippi.png in Resources */,
				56576DB51E43EEBC00247BBB /* minnesota.png in Resources */,
				56576DCF1E43EEBC00247BBB /* west virginia.png in Resources */,
				56576D5B1E43E9B600247BBB /* Main.storyboard in Resources */,
				56576DA41E43EEBC00247BBB /* colorado.png in Resources */,
				56576DAA1E43EEBC00247BBB /* idaho.png in Resources */,
			);
			runOnlyForDeploymentPostprocessing = 0;
		};
/* End PBXResourcesBuildPhase section */

/* Begin PBXSourcesBuildPhase section */
		56576D4E1E43E9B600247BBB /* Sources */ = {
			isa = PBXSourcesBuildPhase;
			buildActionMask = 2147483647;
			files = (
				56576D561E43E9B600247BBB /* AppDelegate.swift in Sources */,
				4E2A0AF21E5F4DA00089718C /* StateDetailViewController.swift in Sources */,
				56576D681E43EA7700247BBB /* StatesTableViewController.swift in Sources */,
				4E2A0AF81E5F65540089718C /* WebViewController.swift in Sources */,
				56DD48851E4D6F7500357FBF /* State.swift in Sources */,
			);
			runOnlyForDeploymentPostprocessing = 0;
		};
/* End PBXSourcesBuildPhase section */

/* Begin PBXVariantGroup section */
		56576D591E43E9B600247BBB /* Main.storyboard */ = {
			isa = PBXVariantGroup;
			children = (
				56576D5A1E43E9B600247BBB /* Base */,
			);
			name = Main.storyboard;
			sourceTree = "<group>";
		};
		56576D5E1E43E9B600247BBB /* LaunchScreen.storyboard */ = {
			isa = PBXVariantGroup;
			children = (
				56576D5F1E43E9B600247BBB /* Base */,
			);
			name = LaunchScreen.storyboard;
			sourceTree = "<group>";
		};
/* End PBXVariantGroup section */

/* Begin XCBuildConfiguration section */
		56576D621E43E9B600247BBB /* Debug */ = {
			isa = XCBuildConfiguration;
			buildSettings = {
				ALWAYS_SEARCH_USER_PATHS = NO;
				CLANG_ANALYZER_NONNULL = YES;
				CLANG_CXX_LANGUAGE_STANDARD = "gnu++0x";
				CLANG_CXX_LIBRARY = "libc++";
				CLANG_ENABLE_MODULES = YES;
				CLANG_ENABLE_OBJC_ARC = YES;
				CLANG_WARN_BOOL_CONVERSION = YES;
				CLANG_WARN_CONSTANT_CONVERSION = YES;
				CLANG_WARN_DIRECT_OBJC_ISA_USAGE = YES_ERROR;
				CLANG_WARN_DOCUMENTATION_COMMENTS = YES;
				CLANG_WARN_EMPTY_BODY = YES;
				CLANG_WARN_ENUM_CONVERSION = YES;
				CLANG_WARN_INFINITE_RECURSION = YES;
				CLANG_WARN_INT_CONVERSION = YES;
				CLANG_WARN_OBJC_ROOT_CLASS = YES_ERROR;
				CLANG_WARN_SUSPICIOUS_MOVE = YES;
				CLANG_WARN_UNREACHABLE_CODE = YES;
				CLANG_WARN__DUPLICATE_METHOD_MATCH = YES;
				"CODE_SIGN_IDENTITY[sdk=iphoneos*]" = "iPhone Developer";
				COPY_PHASE_STRIP = NO;
				DEBUG_INFORMATION_FORMAT = dwarf;
				ENABLE_STRICT_OBJC_MSGSEND = YES;
				ENABLE_TESTABILITY = YES;
				GCC_C_LANGUAGE_STANDARD = gnu99;
				GCC_DYNAMIC_NO_PIC = NO;
				GCC_NO_COMMON_BLOCKS = YES;
				GCC_OPTIMIZATION_LEVEL = 0;
				GCC_PREPROCESSOR_DEFINITIONS = (
					"DEBUG=1",
					"$(inherited)",
				);
				GCC_WARN_64_TO_32_BIT_CONVERSION = YES;
				GCC_WARN_ABOUT_RETURN_TYPE = YES_ERROR;
				GCC_WARN_UNDECLARED_SELECTOR = YES;
				GCC_WARN_UNINITIALIZED_AUTOS = YES_AGGRESSIVE;
				GCC_WARN_UNUSED_FUNCTION = YES;
				GCC_WARN_UNUSED_VARIABLE = YES;
				IPHONEOS_DEPLOYMENT_TARGET = 10.2;
				MTL_ENABLE_DEBUG_INFO = YES;
				ONLY_ACTIVE_ARCH = YES;
				SDKROOT = iphoneos;
				SWIFT_ACTIVE_COMPILATION_CONDITIONS = DEBUG;
				SWIFT_OPTIMIZATION_LEVEL = "-Onone";
			};
			name = Debug;
		};
		56576D631E43E9B600247BBB /* Release */ = {
			isa = XCBuildConfiguration;
			buildSettings = {
				ALWAYS_SEARCH_USER_PATHS = NO;
				CLANG_ANALYZER_NONNULL = YES;
				CLANG_CXX_LANGUAGE_STANDARD = "gnu++0x";
				CLANG_CXX_LIBRARY = "libc++";
				CLANG_ENABLE_MODULES = YES;
				CLANG_ENABLE_OBJC_ARC = YES;
				CLANG_WARN_BOOL_CONVERSION = YES;
				CLANG_WARN_CONSTANT_CONVERSION = YES;
				CLANG_WARN_DIRECT_OBJC_ISA_USAGE = YES_ERROR;
				CLANG_WARN_DOCUMENTATION_COMMENTS = YES;
				CLANG_WARN_EMPTY_BODY = YES;
				CLANG_WARN_ENUM_CONVERSION = YES;
				CLANG_WARN_INFINITE_RECURSION = YES;
				CLANG_WARN_INT_CONVERSION = YES;
				CLANG_WARN_OBJC_ROOT_CLASS = YES_ERROR;
				CLANG_WARN_SUSPICIOUS_MOVE = YES;
				CLANG_WARN_UNREACHABLE_CODE = YES;
				CLANG_WARN__DUPLICATE_METHOD_MATCH = YES;
				"CODE_SIGN_IDENTITY[sdk=iphoneos*]" = "iPhone Developer";
				COPY_PHASE_STRIP = NO;
				DEBUG_INFORMATION_FORMAT = "dwarf-with-dsym";
				ENABLE_NS_ASSERTIONS = NO;
				ENABLE_STRICT_OBJC_MSGSEND = YES;
				GCC_C_LANGUAGE_STANDARD = gnu99;
				GCC_NO_COMMON_BLOCKS = YES;
				GCC_WARN_64_TO_32_BIT_CONVERSION = YES;
				GCC_WARN_ABOUT_RETURN_TYPE = YES_ERROR;
				GCC_WARN_UNDECLARED_SELECTOR = YES;
				GCC_WARN_UNINITIALIZED_AUTOS = YES_AGGRESSIVE;
				GCC_WARN_UNUSED_FUNCTION = YES;
				GCC_WARN_UNUSED_VARIABLE = YES;
				IPHONEOS_DEPLOYMENT_TARGET = 10.2;
				MTL_ENABLE_DEBUG_INFO = NO;
				SDKROOT = iphoneos;
				SWIFT_OPTIMIZATION_LEVEL = "-Owholemodule";
				VALIDATE_PRODUCT = YES;
			};
			name = Release;
		};
		56576D651E43E9B600247BBB /* Debug */ = {
			isa = XCBuildConfiguration;
			buildSettings = {
				ASSETCATALOG_COMPILER_APPICON_NAME = AppIcon;
				INFOPLIST_FILE = TableViewDemo/Info.plist;
				LD_RUNPATH_SEARCH_PATHS = "$(inherited) @executable_path/Frameworks";
				PRODUCT_BUNDLE_IDENTIFIER = edu.nova.cec.mitrof.TableViewDemo;
				PRODUCT_NAME = "$(TARGET_NAME)";
				SWIFT_VERSION = 3.0;
			};
			name = Debug;
		};
		56576D661E43E9B600247BBB /* Release */ = {
			isa = XCBuildConfiguration;
			buildSettings = {
				ASSETCATALOG_COMPILER_APPICON_NAME = AppIcon;
				INFOPLIST_FILE = TableViewDemo/Info.plist;
				LD_RUNPATH_SEARCH_PATHS = "$(inherited) @executable_path/Frameworks";
				PRODUCT_BUNDLE_IDENTIFIER = edu.nova.cec.mitrof.TableViewDemo;
				PRODUCT_NAME = "$(TARGET_NAME)";
				SWIFT_VERSION = 3.0;
			};
			name = Release;
		};
/* End XCBuildConfiguration section */

/* Begin XCConfigurationList section */
		56576D4D1E43E9B600247BBB /* Build configuration list for PBXProject "TableViewDemo" */ = {
			isa = XCConfigurationList;
			buildConfigurations = (
				56576D621E43E9B600247BBB /* Debug */,
				56576D631E43E9B600247BBB /* Release */,
			);
			defaultConfigurationIsVisible = 0;
			defaultConfigurationName = Release;
		};
		56576D641E43E9B600247BBB /* Build configuration list for PBXNativeTarget "TableViewDemo" */ = {
			isa = XCConfigurationList;
			buildConfigurations = (
				56576D651E43E9B600247BBB /* Debug */,
				56576D661E43E9B600247BBB /* Release */,
			);
			defaultConfigurationIsVisible = 0;
			defaultConfigurationName = Release;
		};
/* End XCConfigurationList section */
	};
	rootObject = 56576D4A1E43E9B600247BBB /* Project object */;
}
